
Microsoft Visual Studio Solution File, Format Version 12.00
# Visual Studio Version 17
VisualStudioVersion = 17.11.35222.181
MinimumVisualStudioVersion = 10.0.40219.1
Project("{8BC9CEB8-8B4A-11D0-8D11-00A0C91BC942}") = "sortAscending", "sortAscending\sortAscending.vcxproj", "{7261F90B-FEFE-4736-AE6A-37A6A94CC326}"
EndProject
Global
	GlobalSection(SolutionConfigurationPlatforms) = preSolution
		Debug|x64 = Debug|x64
		Debug|x86 = Debug|x86
		Release|x64 = Release|x64
		Release|x86 = Release|x86
	EndGlobalSection
	GlobalSection(ProjectConfigurationPlatforms) = postSolution
		{7261F90B-FEFE-4736-AE6A-37A6A94CC326}.Debug|x64.ActiveCfg = Debug|x64
		{7261F90B-FEFE-4736-AE6A-37A6A94CC326}.Debug|x64.Build.0 = Debug|x64
		{7261F90B-FEFE-4736-AE6A-37A6A94CC326}.Debug|x86.ActiveCfg = Debug|Win32
		{7261F90B-FEFE-4736-AE6A-37A6A94CC326}.Debug|x86.Build.0 = Debug|Win32
		{7261F90B-FEFE-4736-AE6A-37A6A94CC326}.Release|x64.ActiveCfg = Release|x64
		{7261F90B-FEFE-4736-AE6A-37A6A94CC326}.Release|x64.Build.0 = Release|x64
		{7261F90B-FEFE-4736-AE6A-37A6A94CC326}.Release|x86.ActiveCfg = Release|Win32
		{7261F90B-FEFE-4736-AE6A-37A6A94CC326}.Release|x86.Build.0 = Release|Win32
	EndGlobalSection
	GlobalSection(SolutionProperties) = preSolution
		HideSolutionNode = FALSE
	EndGlobalSection
	GlobalSection(ExtensibilityGlobals) = postSolution
		SolutionGuid = {DD4F7867-BBB5-4F22-A28F-211918A798BC}
	EndGlobalSection
EndGlobal
